# This file was autogenerated by Stack.
# You should not edit this file by hand.
# For more information, please see the documentation at:
#   https://docs.haskellstack.org/en/stable/lock_files

packages:
- completed:
    hackage: hakyll-sass-0.2.4@sha256:4d2fbd8b63f5ef15483fc6dda09e10eefd63b4f873ad38dec2a3607eb504a8ba,939
    pantry-tree:
      sha256: c03e74e71d010f009b8d972efc31fbd6dd25183e6d9afbec55f4b7f0d4a74b47
      size: 217
  original:
    hackage: hakyll-sass-0.2.4
snapshots:
- completed:
    sha256: 780549d388f510f79757ace642c46a01309c8387e316e3dab40339f2021d758c
    size: 604415
    url: https://raw.githubusercontent.com/commercialhaskell/stackage-snapshots/master/nightly/2024/3/1.yaml
  original: nightly-2024-03-01
